
Microsoft Visual Studio Solution File, Format Version 12.00
# Visual Studio Version 17
VisualStudioVersion = 17.3.32922.545
MinimumVisualStudioVersion = 10.0.40219.1
Project("{FAE04EC0-301F-11D3-BF4B-00C04F79EFBC}") = "RandomCardPicker", "RandomCardPicker\RandomCardPicker.csproj", "{F5B42F47-280E-4469-BCD6-2355E587528C}"
EndProject
Global
	GlobalSection(SolutionConfigurationPlatforms) = preSolution
		Debug|Any CPU = Debug|Any CPU
		Release|Any CPU = Release|Any CPU
	EndGlobalSection
	GlobalSection(ProjectConfigurationPlatforms) = postSolution
		{F5B42F47-280E-4469-BCD6-2355E587528C}.Debug|Any CPU.ActiveCfg = Debug|Any CPU
		{F5B42F47-280E-4469-BCD6-2355E587528C}.Debug|Any CPU.Build.0 = Debug|Any CPU
		{F5B42F47-280E-4469-BCD6-2355E587528C}.Release|Any CPU.ActiveCfg = Release|Any CPU
		{F5B42F47-280E-4469-BCD6-2355E587528C}.Release|Any CPU.Build.0 = Release|Any CPU
	EndGlobalSection
	GlobalSection(SolutionProperties) = preSolution
		HideSolutionNode = FALSE
	EndGlobalSection
	GlobalSection(ExtensibilityGlobals) = postSolution
		SolutionGuid = {E4063786-1556-47FE-94E2-0BE0BBC8A977}
	EndGlobalSection
EndGlobal
